// !$*UTF8*$!
{
	archiveVersion = 1;
	classes = {
	};
	objectVersion = 70;
	objects = {

/* Begin PBXBuildFile section */
		DE012DDE2A01446F0071601B /* HomeView.swift in Sources */ = {isa = PBXBuildFile; fileRef = DE012DDB2A01446F0071601B /* HomeView.swift */; };
		DE012DDF2A01446F0071601B /* HomeViewModel.swift in Sources */ = {isa = PBXBuildFile; fileRef = DE012DDC2A01446F0071601B /* HomeViewModel.swift */; };
		DE012DE32A0146CC0071601B /* Color + Extensions.swift in Sources */ = {isa = PBXBuildFile; fileRef = DE012DE22A0146CC0071601B /* Color + Extensions.swift */; };
		DE012DE52A014DD90071601B /* WorkoutSession.swift in Sources */ = {isa = PBXBuildFile; fileRef = DE012DE42A014DD90071601B /* WorkoutSession.swift */; };
		DE012DE72A0188DD0071601B /* WorkoutSession + Mocked.swift in Sources */ = {isa = PBXBuildFile; fileRef = DE012DE62A0188DD0071601B /* WorkoutSession + Mocked.swift */; };
		DE012DEA2A018D6C0071601B /* WorkoutCardView.swift in Sources */ = {isa = PBXBuildFile; fileRef = DE012DE92A018D6C0071601B /* WorkoutCardView.swift */; };
		DE012DEC2A01944A0071601B /* Font + Extension.swift in Sources */ = {isa = PBXBuildFile; fileRef = DE012DEB2A01944A0071601B /* Font + Extension.swift */; };
		DE012DEF2A02CB0D0071601B /* Repository.swift in Sources */ = {isa = PBXBuildFile; fileRef = DE012DEE2A02CB0D0071601B /* Repository.swift */; };
		DE012DF12A02CBD10071601B /* WorkoutSessionRepository.swift in Sources */ = {isa = PBXBuildFile; fileRef = DE012DF02A02CBD10071601B /* WorkoutSessionRepository.swift */; };
		DE012DF42A02CE160071601B /* WorkoutSessionService.swift in Sources */ = {isa = PBXBuildFile; fileRef = DE012DF32A02CE160071601B /* WorkoutSessionService.swift */; };
		DE012DF62A02CE8A0071601B /* MockedWorkoutSessionService.swift in Sources */ = {isa = PBXBuildFile; fileRef = DE012DF52A02CE8A0071601B /* MockedWorkoutSessionService.swift */; };
		DE10523E2A02D99B00399C2B /* MainCoordinator.swift in Sources */ = {isa = PBXBuildFile; fileRef = DE10523D2A02D99B00399C2B /* MainCoordinator.swift */; };
		DE1052412A04280B00399C2B /* WorkoutDetailsView.swift in Sources */ = {isa = PBXBuildFile; fileRef = DE1052402A04280B00399C2B /* WorkoutDetailsView.swift */; };
		DE1052432A04286800399C2B /* WorkoutDetailsViewModel.swift in Sources */ = {isa = PBXBuildFile; fileRef = DE1052422A04286800399C2B /* WorkoutDetailsViewModel.swift */; };
		DE1052472A0655B500399C2B /* NavigationBar.swift in Sources */ = {isa = PBXBuildFile; fileRef = DE1052462A0655B500399C2B /* NavigationBar.swift */; };
		DE1052492A06AF9800399C2B /* HealthKitManager.swift in Sources */ = {isa = PBXBuildFile; fileRef = DE1052482A06AF9800399C2B /* HealthKitManager.swift */; };
		DE1E5CD62EFB541100EF4D55 /* WorkoutAppApp.swift in Sources */ = {isa = PBXBuildFile; fileRef = DE1E5CD52EFB541100EF4D55 /* WorkoutAppApp.swift */; };
		DE1E5CDA2EFC3D0400EF4D55 /* NavigationManager.swift in Sources */ = {isa = PBXBuildFile; fileRef = DE1E5CD72EFC3D0400EF4D55 /* NavigationManager.swift */; };
		DE1E5CDB2EFC3D0400EF4D55 /* NavigationRoutes.swift in Sources */ = {isa = PBXBuildFile; fileRef = DE1E5CD82EFC3D0400EF4D55 /* NavigationRoutes.swift */; };
		DE3252AB2C482D3800B3B6F0 /* CustomLogger.swift in Sources */ = {isa = PBXBuildFile; fileRef = DE3252AA2C482D3800B3B6F0 /* CustomLogger.swift */; };
		DE3252AC2C482D5000B3B6F0 /* CustomLogger.swift in Sources */ = {isa = PBXBuildFile; fileRef = DE3252AA2C482D3800B3B6F0 /* CustomLogger.swift */; };
		DE3353FC29F07F3D002D4891 /* AccountStatus.swift in Sources */ = {isa = PBXBuildFile; fileRef = DE3353FB29F07F3D002D4891 /* AccountStatus.swift */; };
		DE33540129F08420002D4891 /* DependencyContainer.swift in Sources */ = {isa = PBXBuildFile; fileRef = DE33540029F08420002D4891 /* DependencyContainer.swift */; };
		DE3D0A4C2A0D511400EF23CB /* WorkoutManager.swift in Sources */ = {isa = PBXBuildFile; fileRef = DE3D0A4B2A0D511400EF23CB /* WorkoutManager.swift */; };
		DE3D0A4E2A0D66BC00EF23CB /* ControlsView.swift in Sources */ = {isa = PBXBuildFile; fileRef = DE3D0A4D2A0D66BC00EF23CB /* ControlsView.swift */; };
		DE3D0A502A0D66CF00EF23CB /* MetricsView.swift in Sources */ = {isa = PBXBuildFile; fileRef = DE3D0A4F2A0D66CF00EF23CB /* MetricsView.swift */; };
		DE3D0A532A0D773E00EF23CB /* ElapsedTimeView.swift in Sources */ = {isa = PBXBuildFile; fileRef = DE3D0A522A0D773E00EF23CB /* ElapsedTimeView.swift */; };
		DE3D0A552A0D797900EF23CB /* ActivityRingsView.swift in Sources */ = {isa = PBXBuildFile; fileRef = DE3D0A542A0D797900EF23CB /* ActivityRingsView.swift */; };
		DE3D0A572A0D79D300EF23CB /* SummaryView.swift in Sources */ = {isa = PBXBuildFile; fileRef = DE3D0A562A0D79D300EF23CB /* SummaryView.swift */; };
		DE3D0A592A0FA32E00EF23CB /* Exercise.swift in Sources */ = {isa = PBXBuildFile; fileRef = DE3D0A582A0FA32E00EF23CB /* Exercise.swift */; };
		DE4D0A122A3864BA00A9DFC5 /* OnboardingView.swift in Sources */ = {isa = PBXBuildFile; fileRef = DE4D0A112A3864BA00A9DFC5 /* OnboardingView.swift */; };
		DE4D0A142A3866A700A9DFC5 /* WelcomeView.swift in Sources */ = {isa = PBXBuildFile; fileRef = DE4D0A132A3866A700A9DFC5 /* WelcomeView.swift */; };
		DE4D0A162A386E9200A9DFC5 /* StartASessionView.swift in Sources */ = {isa = PBXBuildFile; fileRef = DE4D0A152A386E9200A9DFC5 /* StartASessionView.swift */; };
		DE4D0A182A38702700A9DFC5 /* SeeSessionDetailsView.swift in Sources */ = {isa = PBXBuildFile; fileRef = DE4D0A172A38702700A9DFC5 /* SeeSessionDetailsView.swift */; };
		DE4D0A1A2A38740000A9DFC5 /* BuildTemplatesView.swift in Sources */ = {isa = PBXBuildFile; fileRef = DE4D0A192A38740000A9DFC5 /* BuildTemplatesView.swift */; };
		DE5041FE2A21054200B7D498 /* Exercise.swift in Sources */ = {isa = PBXBuildFile; fileRef = DE3D0A582A0FA32E00EF23CB /* Exercise.swift */; };
		DE5041FF2A21054600B7D498 /* ExerciseSet.swift in Sources */ = {isa = PBXBuildFile; fileRef = DEE2FBEB2A1A2B850062437A /* ExerciseSet.swift */; };
		DE5042002A21055000B7D498 /* PerformedSet.swift in Sources */ = {isa = PBXBuildFile; fileRef = DEE2FBF12A1A2BDF0062437A /* PerformedSet.swift */; };
		DE5042012A21055300B7D498 /* PerformedExercise.swift in Sources */ = {isa = PBXBuildFile; fileRef = DEE2FBEF2A1A2BB50062437A /* PerformedExercise.swift */; };
		DE5042022A21055A00B7D498 /* WorkoutSession.swift in Sources */ = {isa = PBXBuildFile; fileRef = DE012DE42A014DD90071601B /* WorkoutSession.swift */; };
		DE5042032A21055D00B7D498 /* WorkoutSession + Mocked.swift in Sources */ = {isa = PBXBuildFile; fileRef = DE012DE62A0188DD0071601B /* WorkoutSession + Mocked.swift */; };
		DE52AFDA2F242D6400CE5FEA /* SwiftDataManager.swift in Sources */ = {isa = PBXBuildFile; fileRef = DE52AFD92F242D6400CE5FEA /* SwiftDataManager.swift */; };
		DE63022B2A2B32DC00BA5E54 /* AddExerciseView.swift in Sources */ = {isa = PBXBuildFile; fileRef = DE63022A2A2B32DC00BA5E54 /* AddExerciseView.swift */; };
		DE6D676B2A472B4000A78BBD /* HealthKitAuthorizationView.swift in Sources */ = {isa = PBXBuildFile; fileRef = DE6D676A2A472B4000A78BBD /* HealthKitAuthorizationView.swift */; };
		DE6D676C2A472B9800A78BBD /* Constants.swift in Sources */ = {isa = PBXBuildFile; fileRef = DEDFC2F92A0B83F300E736E0 /* Constants.swift */; };
		DE6D676E2A472CE700A78BBD /* AppCoordinator.swift in Sources */ = {isa = PBXBuildFile; fileRef = DE6D676D2A472CE700A78BBD /* AppCoordinator.swift */; };
		DEA0BAB12A07D8E200F9BBBA /* ListView.swift in Sources */ = {isa = PBXBuildFile; fileRef = DEA0BAB02A07D8E200F9BBBA /* ListView.swift */; };
		DEA431C229D8822D00DFA6E4 /* RootCoordinator.swift in Sources */ = {isa = PBXBuildFile; fileRef = DEA431C129D8822D00DFA6E4 /* RootCoordinator.swift */; };
		DEA431C629D8936200DFA6E4 /* RoundedButton.swift in Sources */ = {isa = PBXBuildFile; fileRef = DEA431C529D8936200DFA6E4 /* RoundedButton.swift */; };
		DEA431C829D8B7C600DFA6E4 /* RoundedButtonStyle.swift in Sources */ = {isa = PBXBuildFile; fileRef = DEA431C729D8B7C600DFA6E4 /* RoundedButtonStyle.swift */; };
		DEA6064D2A1DF8E50061BF9A /* WatchCommunicator.swift in Sources */ = {isa = PBXBuildFile; fileRef = DEA6064C2A1DF8E50061BF9A /* WatchCommunicator.swift */; };
		DEAF7F3A2A0D353200682ACD /* WatchWorkoutAppApp.swift in Sources */ = {isa = PBXBuildFile; fileRef = DEAF7F392A0D353200682ACD /* WatchWorkoutAppApp.swift */; };
		DEAF7F3E2A0D353400682ACD /* Assets.xcassets in Resources */ = {isa = PBXBuildFile; fileRef = DEAF7F3D2A0D353400682ACD /* Assets.xcassets */; };
		DEAF7F412A0D353400682ACD /* Preview Assets.xcassets in Resources */ = {isa = PBXBuildFile; fileRef = DEAF7F402A0D353400682ACD /* Preview Assets.xcassets */; };
		DEAF7F442A0D353400682ACD /* WatchWorkoutApp Watch App.app in Embed Watch Content */ = {isa = PBXBuildFile; fileRef = DEAF7F372A0D353200682ACD /* WatchWorkoutApp Watch App.app */; settings = {ATTRIBUTES = (RemoveHeadersOnCopy, ); }; };
		DEAF7F4B2A0D3AEC00682ACD /* WorkoutsListView.swift in Sources */ = {isa = PBXBuildFile; fileRef = DEAF7F4A2A0D3AEC00682ACD /* WorkoutsListView.swift */; };
		DEAF7F4D2A0D3BF000682ACD /* SessionPagingView.swift in Sources */ = {isa = PBXBuildFile; fileRef = DEAF7F4C2A0D3BF000682ACD /* SessionPagingView.swift */; };
		DEC29D6729E1909C0039B2C8 /* RoundedTextField.swift in Sources */ = {isa = PBXBuildFile; fileRef = DEC29D6629E1909C0039B2C8 /* RoundedTextField.swift */; };
		DEC29D6C29E1C9BE0039B2C8 /* ActivityIndicator.swift in Sources */ = {isa = PBXBuildFile; fileRef = DEC29D6B29E1C9BE0039B2C8 /* ActivityIndicator.swift */; };
		DED4576C2A1E6CDA00066DAE /* PhoneCommunicator.swift in Sources */ = {isa = PBXBuildFile; fileRef = DED4576B2A1E6CDA00066DAE /* PhoneCommunicator.swift */; };
		DED4576E2A1E704500066DAE /* Message.swift in Sources */ = {isa = PBXBuildFile; fileRef = DED4576D2A1E704500066DAE /* Message.swift */; };
		DED4576F2A1E70B900066DAE /* Message.swift in Sources */ = {isa = PBXBuildFile; fileRef = DED4576D2A1E704500066DAE /* Message.swift */; };
		DED457702A1E724300066DAE /* Workout.swift in Sources */ = {isa = PBXBuildFile; fileRef = DEE2FBED2A1A2BA60062437A /* Workout.swift */; };
		DEDA4AB229CF2127000AFBBF /* Assets.xcassets in Resources */ = {isa = PBXBuildFile; fileRef = DEDA4AB129CF2127000AFBBF /* Assets.xcassets */; };
		DEDC056E2A3F69E5007E90B4 /* ExerciseRepository.swift in Sources */ = {isa = PBXBuildFile; fileRef = DEDC056D2A3F69E5007E90B4 /* ExerciseRepository.swift */; };
		DEDC05712A3F6B71007E90B4 /* ExerciseService.swift in Sources */ = {isa = PBXBuildFile; fileRef = DEDC05702A3F6B71007E90B4 /* ExerciseService.swift */; };
		DEDC05732A3F8482007E90B4 /* MockedExerciseService.swift in Sources */ = {isa = PBXBuildFile; fileRef = DEDC05722A3F8482007E90B4 /* MockedExerciseService.swift */; };
		DEDC05762A3F8E3D007E90B4 /* WorkoutService.swift in Sources */ = {isa = PBXBuildFile; fileRef = DEDC05752A3F8E3D007E90B4 /* WorkoutService.swift */; };
		DEDFC2F12A0AC6B300E736E0 /* HKWorkout + Extensions.swift in Sources */ = {isa = PBXBuildFile; fileRef = DEDFC2F02A0AC6B300E736E0 /* HKWorkout + Extensions.swift */; };
		DEDFC2F62A0B827800E736E0 /* HealthKitAuthorizationView.swift in Sources */ = {isa = PBXBuildFile; fileRef = DEDFC2F52A0B827800E736E0 /* HealthKitAuthorizationView.swift */; };
		DEDFC2F82A0B834700E736E0 /* HealthKitAuthorizationViewModel.swift in Sources */ = {isa = PBXBuildFile; fileRef = DEDFC2F72A0B834700E736E0 /* HealthKitAuthorizationViewModel.swift */; };
		DEDFC2FA2A0B83F300E736E0 /* Constants.swift in Sources */ = {isa = PBXBuildFile; fileRef = DEDFC2F92A0B83F300E736E0 /* Constants.swift */; };
		DEE2FBE82A1787C50062437A /* FileIOManager.swift in Sources */ = {isa = PBXBuildFile; fileRef = DEE2FBE72A1787C50062437A /* FileIOManager.swift */; };
		DEE2FBEC2A1A2B850062437A /* ExerciseSet.swift in Sources */ = {isa = PBXBuildFile; fileRef = DEE2FBEB2A1A2B850062437A /* ExerciseSet.swift */; };
		DEE2FBEE2A1A2BA60062437A /* Workout.swift in Sources */ = {isa = PBXBuildFile; fileRef = DEE2FBED2A1A2BA60062437A /* Workout.swift */; };
		DEE2FBF02A1A2BB50062437A /* PerformedExercise.swift in Sources */ = {isa = PBXBuildFile; fileRef = DEE2FBEF2A1A2BB50062437A /* PerformedExercise.swift */; };
		DEE2FBF22A1A2BDF0062437A /* PerformedSet.swift in Sources */ = {isa = PBXBuildFile; fileRef = DEE2FBF12A1A2BDF0062437A /* PerformedSet.swift */; };
		DEE2FBF52A1A4AF80062437A /* WorkoutRepository.swift in Sources */ = {isa = PBXBuildFile; fileRef = DEE2FBF42A1A4AF80062437A /* WorkoutRepository.swift */; };
		DEF9518F2A23576200D80381 /* HKWorkout + Extensions.swift in Sources */ = {isa = PBXBuildFile; fileRef = DEDFC2F02A0AC6B300E736E0 /* HKWorkout + Extensions.swift */; };
		DEF951902A24B02200D80381 /* RoundedButtonStyle.swift in Sources */ = {isa = PBXBuildFile; fileRef = DEA431C729D8B7C600DFA6E4 /* RoundedButtonStyle.swift */; };
		DEF951912A24B02200D80381 /* RoundedButton.swift in Sources */ = {isa = PBXBuildFile; fileRef = DEA431C529D8936200DFA6E4 /* RoundedButton.swift */; };
		DEF951922A24B04D00D80381 /* ActivityIndicator.swift in Sources */ = {isa = PBXBuildFile; fileRef = DEC29D6B29E1C9BE0039B2C8 /* ActivityIndicator.swift */; };
		DEF951932A24B09400D80381 /* Color + Extensions.swift in Sources */ = {isa = PBXBuildFile; fileRef = DE012DE22A0146CC0071601B /* Color + Extensions.swift */; };
		DEF951942A24B09400D80381 /* Font + Extension.swift in Sources */ = {isa = PBXBuildFile; fileRef = DE012DEB2A01944A0071601B /* Font + Extension.swift */; };
		DEF951962A24B37A00D80381 /* MetricsAndExercisesView.swift in Sources */ = {isa = PBXBuildFile; fileRef = DEF951952A24B37A00D80381 /* MetricsAndExercisesView.swift */; };
		DEF951982A24BF8E00D80381 /* CurrentExerciseView.swift in Sources */ = {isa = PBXBuildFile; fileRef = DEF951972A24BF8E00D80381 /* CurrentExerciseView.swift */; };
		DEF9519B2A24E73F00D80381 /* WorkoutTemplatesListView.swift in Sources */ = {isa = PBXBuildFile; fileRef = DEF9519A2A24E73F00D80381 /* WorkoutTemplatesListView.swift */; };
		DEF9519D2A24E7FC00D80381 /* WorkoutTemplatesListViewModel.swift in Sources */ = {isa = PBXBuildFile; fileRef = DEF9519C2A24E7FC00D80381 /* WorkoutTemplatesListViewModel.swift */; };
		DEF951A12A26187F00D80381 /* WorkoutTemplateCardView.swift in Sources */ = {isa = PBXBuildFile; fileRef = DEF951A02A26187F00D80381 /* WorkoutTemplateCardView.swift */; };
		DEF951A52A27304F00D80381 /* WorkoutTemplateBuilderView.swift in Sources */ = {isa = PBXBuildFile; fileRef = DEF951A42A27304F00D80381 /* WorkoutTemplateBuilderView.swift */; };
		DEF951A72A27377700D80381 /* FloatingTextField.swift in Sources */ = {isa = PBXBuildFile; fileRef = DEF951A62A27377700D80381 /* FloatingTextField.swift */; };
		DEF951A92A27887800D80381 /* WorkoutTemplateBuilderViewModel.swift in Sources */ = {isa = PBXBuildFile; fileRef = DEF951A82A27887800D80381 /* WorkoutTemplateBuilderViewModel.swift */; };
		DEF951AB2A27E0C800D80381 /* ExerciseCardView.swift in Sources */ = {isa = PBXBuildFile; fileRef = DEF951AA2A27E0C800D80381 /* ExerciseCardView.swift */; };
		DEF951AD2A27E12300D80381 /* EditView.swift in Sources */ = {isa = PBXBuildFile; fileRef = DEF951AC2A27E12300D80381 /* EditView.swift */; };
/* End PBXBuildFile section */

/* Begin PBXContainerItemProxy section */
		DEAF7F422A0D353400682ACD /* PBXContainerItemProxy */ = {
			isa = PBXContainerItemProxy;
			containerPortal = DEDA4A9D29CF2125000AFBBF /* Project object */;
			proxyType = 1;
			remoteGlobalIDString = DEAF7F362A0D353200682ACD;
			remoteInfo = "WatchWorkoutApp Watch App";
		};
/* End PBXContainerItemProxy section */

/* Begin PBXCopyFilesBuildPhase section */
		DEAF7F1A2A0D329200682ACD /* Embed Watch Content */ = {
			isa = PBXCopyFilesBuildPhase;
			buildActionMask = 2147483647;
			dstPath = "$(CONTENTS_FOLDER_PATH)/Watch";
			dstSubfolderSpec = 16;
			files = (
				DEAF7F442A0D353400682ACD /* WatchWorkoutApp Watch App.app in Embed Watch Content */,
			);
			name = "Embed Watch Content";
			runOnlyForDeploymentPostprocessing = 0;
		};
/* End PBXCopyFilesBuildPhase section */

/* Begin PBXFileReference section */
		DE012DDB2A01446F0071601B /* HomeView.swift */ = {isa = PBXFileReference; lastKnownFileType = sourcecode.swift; path = HomeView.swift; sourceTree = "<group>"; };
		DE012DDC2A01446F0071601B /* HomeViewModel.swift */ = {isa = PBXFileReference; lastKnownFileType = sourcecode.swift; path = HomeViewModel.swift; sourceTree = "<group>"; };
		DE012DE22A0146CC0071601B /* Color + Extensions.swift */ = {isa = PBXFileReference; lastKnownFileType = sourcecode.swift; path = "Color + Extensions.swift"; sourceTree = "<group>"; };
		DE012DE42A014DD90071601B /* WorkoutSession.swift */ = {isa = PBXFileReference; lastKnownFileType = sourcecode.swift; path = WorkoutSession.swift; sourceTree = "<group>"; };
		DE012DE62A0188DD0071601B /* WorkoutSession + Mocked.swift */ = {isa = PBXFileReference; lastKnownFileType = sourcecode.swift; path = "WorkoutSession + Mocked.swift"; sourceTree = "<group>"; };
		DE012DE92A018D6C0071601B /* WorkoutCardView.swift */ = {isa = PBXFileReference; lastKnownFileType = sourcecode.swift; path = WorkoutCardView.swift; sourceTree = "<group>"; };
		DE012DEB2A01944A0071601B /* Font + Extension.swift */ = {isa = PBXFileReference; lastKnownFileType = sourcecode.swift; path = "Font + Extension.swift"; sourceTree = "<group>"; };
		DE012DEE2A02CB0D0071601B /* Repository.swift */ = {isa = PBXFileReference; lastKnownFileType = sourcecode.swift; path = Repository.swift; sourceTree = "<group>"; };
		DE012DF02A02CBD10071601B /* WorkoutSessionRepository.swift */ = {isa = PBXFileReference; lastKnownFileType = sourcecode.swift; path = WorkoutSessionRepository.swift; sourceTree = "<group>"; };
		DE012DF32A02CE160071601B /* WorkoutSessionService.swift */ = {isa = PBXFileReference; lastKnownFileType = sourcecode.swift; path = WorkoutSessionService.swift; sourceTree = "<group>"; };
		DE012DF52A02CE8A0071601B /* MockedWorkoutSessionService.swift */ = {isa = PBXFileReference; lastKnownFileType = sourcecode.swift; path = MockedWorkoutSessionService.swift; sourceTree = "<group>"; };
		DE10523D2A02D99B00399C2B /* MainCoordinator.swift */ = {isa = PBXFileReference; lastKnownFileType = sourcecode.swift; path = MainCoordinator.swift; sourceTree = "<group>"; };
		DE1052402A04280B00399C2B /* WorkoutDetailsView.swift */ = {isa = PBXFileReference; lastKnownFileType = sourcecode.swift; path = WorkoutDetailsView.swift; sourceTree = "<group>"; };
		DE1052422A04286800399C2B /* WorkoutDetailsViewModel.swift */ = {isa = PBXFileReference; lastKnownFileType = sourcecode.swift; path = WorkoutDetailsViewModel.swift; sourceTree = "<group>"; };
		DE1052462A0655B500399C2B /* NavigationBar.swift */ = {isa = PBXFileReference; lastKnownFileType = sourcecode.swift; path = NavigationBar.swift; sourceTree = "<group>"; };
		DE1052482A06AF9800399C2B /* HealthKitManager.swift */ = {isa = PBXFileReference; lastKnownFileType = sourcecode.swift; path = HealthKitManager.swift; sourceTree = "<group>"; };
		DE10524A2A06B34200399C2B /* WorkoutApp.entitlements */ = {isa = PBXFileReference; lastKnownFileType = text.plist.entitlements; path = WorkoutApp.entitlements; sourceTree = "<group>"; };
		DE1E5CD52EFB541100EF4D55 /* WorkoutAppApp.swift */ = {isa = PBXFileReference; lastKnownFileType = sourcecode.swift; path = WorkoutAppApp.swift; sourceTree = "<group>"; };
		DE1E5CD72EFC3D0400EF4D55 /* NavigationManager.swift */ = {isa = PBXFileReference; lastKnownFileType = sourcecode.swift; path = NavigationManager.swift; sourceTree = "<group>"; };
		DE1E5CD82EFC3D0400EF4D55 /* NavigationRoutes.swift */ = {isa = PBXFileReference; lastKnownFileType = sourcecode.swift; path = NavigationRoutes.swift; sourceTree = "<group>"; };
		DE3252AA2C482D3800B3B6F0 /* CustomLogger.swift */ = {isa = PBXFileReference; lastKnownFileType = sourcecode.swift; path = CustomLogger.swift; sourceTree = "<group>"; };
		DE3353FB29F07F3D002D4891 /* AccountStatus.swift */ = {isa = PBXFileReference; lastKnownFileType = sourcecode.swift; path = AccountStatus.swift; sourceTree = "<group>"; };
		DE33540029F08420002D4891 /* DependencyContainer.swift */ = {isa = PBXFileReference; lastKnownFileType = sourcecode.swift; path = DependencyContainer.swift; sourceTree = "<group>"; };
		DE3D0A4B2A0D511400EF23CB /* WorkoutManager.swift */ = {isa = PBXFileReference; lastKnownFileType = sourcecode.swift; path = WorkoutManager.swift; sourceTree = "<group>"; };
		DE3D0A4D2A0D66BC00EF23CB /* ControlsView.swift */ = {isa = PBXFileReference; lastKnownFileType = sourcecode.swift; path = ControlsView.swift; sourceTree = "<group>"; };
		DE3D0A4F2A0D66CF00EF23CB /* MetricsView.swift */ = {isa = PBXFileReference; lastKnownFileType = sourcecode.swift; path = MetricsView.swift; sourceTree = "<group>"; };
		DE3D0A522A0D773E00EF23CB /* ElapsedTimeView.swift */ = {isa = PBXFileReference; lastKnownFileType = sourcecode.swift; path = ElapsedTimeView.swift; sourceTree = "<group>"; };
		DE3D0A542A0D797900EF23CB /* ActivityRingsView.swift */ = {isa = PBXFileReference; lastKnownFileType = sourcecode.swift; path = ActivityRingsView.swift; sourceTree = "<group>"; };
		DE3D0A562A0D79D300EF23CB /* SummaryView.swift */ = {isa = PBXFileReference; lastKnownFileType = sourcecode.swift; path = SummaryView.swift; sourceTree = "<group>"; };
		DE3D0A582A0FA32E00EF23CB /* Exercise.swift */ = {isa = PBXFileReference; lastKnownFileType = sourcecode.swift; path = Exercise.swift; sourceTree = "<group>"; };
		DE4D0A112A3864BA00A9DFC5 /* OnboardingView.swift */ = {isa = PBXFileReference; lastKnownFileType = sourcecode.swift; path = OnboardingView.swift; sourceTree = "<group>"; };
		DE4D0A132A3866A700A9DFC5 /* WelcomeView.swift */ = {isa = PBXFileReference; lastKnownFileType = sourcecode.swift; path = WelcomeView.swift; sourceTree = "<group>"; };
		DE4D0A152A386E9200A9DFC5 /* StartASessionView.swift */ = {isa = PBXFileReference; lastKnownFileType = sourcecode.swift; path = StartASessionView.swift; sourceTree = "<group>"; };
		DE4D0A172A38702700A9DFC5 /* SeeSessionDetailsView.swift */ = {isa = PBXFileReference; lastKnownFileType = sourcecode.swift; path = SeeSessionDetailsView.swift; sourceTree = "<group>"; };
		DE4D0A192A38740000A9DFC5 /* BuildTemplatesView.swift */ = {isa = PBXFileReference; lastKnownFileType = sourcecode.swift; path = BuildTemplatesView.swift; sourceTree = "<group>"; };
		DE52AFD92F242D6400CE5FEA /* SwiftDataManager.swift */ = {isa = PBXFileReference; lastKnownFileType = sourcecode.swift; path = SwiftDataManager.swift; sourceTree = "<group>"; };
		DE63022A2A2B32DC00BA5E54 /* AddExerciseView.swift */ = {isa = PBXFileReference; lastKnownFileType = sourcecode.swift; path = AddExerciseView.swift; sourceTree = "<group>"; };
		DE6D676A2A472B4000A78BBD /* HealthKitAuthorizationView.swift */ = {isa = PBXFileReference; lastKnownFileType = sourcecode.swift; path = HealthKitAuthorizationView.swift; sourceTree = "<group>"; };
		DE6D676D2A472CE700A78BBD /* AppCoordinator.swift */ = {isa = PBXFileReference; lastKnownFileType = sourcecode.swift; path = AppCoordinator.swift; sourceTree = "<group>"; };
		DEA0BAB02A07D8E200F9BBBA /* ListView.swift */ = {isa = PBXFileReference; lastKnownFileType = sourcecode.swift; path = ListView.swift; sourceTree = "<group>"; };
		DEA431C129D8822D00DFA6E4 /* RootCoordinator.swift */ = {isa = PBXFileReference; lastKnownFileType = sourcecode.swift; path = RootCoordinator.swift; sourceTree = "<group>"; };
		DEA431C529D8936200DFA6E4 /* RoundedButton.swift */ = {isa = PBXFileReference; lastKnownFileType = sourcecode.swift; path = RoundedButton.swift; sourceTree = "<group>"; };
		DEA431C729D8B7C600DFA6E4 /* RoundedButtonStyle.swift */ = {isa = PBXFileReference; lastKnownFileType = sourcecode.swift; path = RoundedButtonStyle.swift; sourceTree = "<group>"; };
		DEA6064C2A1DF8E50061BF9A /* WatchCommunicator.swift */ = {isa = PBXFileReference; lastKnownFileType = sourcecode.swift; path = WatchCommunicator.swift; sourceTree = "<group>"; };
		DEAF7F372A0D353200682ACD /* WatchWorkoutApp Watch App.app */ = {isa = PBXFileReference; explicitFileType = wrapper.application; includeInIndex = 0; path = "WatchWorkoutApp Watch App.app"; sourceTree = BUILT_PRODUCTS_DIR; };
		DEAF7F392A0D353200682ACD /* WatchWorkoutAppApp.swift */ = {isa = PBXFileReference; lastKnownFileType = sourcecode.swift; path = WatchWorkoutAppApp.swift; sourceTree = "<group>"; };
		DEAF7F3D2A0D353400682ACD /* Assets.xcassets */ = {isa = PBXFileReference; lastKnownFileType = folder.assetcatalog; path = Assets.xcassets; sourceTree = "<group>"; };
		DEAF7F402A0D353400682ACD /* Preview Assets.xcassets */ = {isa = PBXFileReference; lastKnownFileType = folder.assetcatalog; path = "Preview Assets.xcassets"; sourceTree = "<group>"; };
		DEAF7F482A0D354800682ACD /* WatchWorkoutApp Watch App.entitlements */ = {isa = PBXFileReference; lastKnownFileType = text.plist.entitlements; path = "WatchWorkoutApp Watch App.entitlements"; sourceTree = "<group>"; };
		DEAF7F492A0D356D00682ACD /* WatchWorkoutApp-Watch-App-Info.plist */ = {isa = PBXFileReference; lastKnownFileType = text.plist; path = "WatchWorkoutApp-Watch-App-Info.plist"; sourceTree = SOURCE_ROOT; };
		DEAF7F4A2A0D3AEC00682ACD /* WorkoutsListView.swift */ = {isa = PBXFileReference; lastKnownFileType = sourcecode.swift; path = WorkoutsListView.swift; sourceTree = "<group>"; };
		DEAF7F4C2A0D3BF000682ACD /* SessionPagingView.swift */ = {isa = PBXFileReference; lastKnownFileType = sourcecode.swift; path = SessionPagingView.swift; sourceTree = "<group>"; };
		DEC29D6629E1909C0039B2C8 /* RoundedTextField.swift */ = {isa = PBXFileReference; lastKnownFileType = sourcecode.swift; path = RoundedTextField.swift; sourceTree = "<group>"; };
		DEC29D6B29E1C9BE0039B2C8 /* ActivityIndicator.swift */ = {isa = PBXFileReference; lastKnownFileType = sourcecode.swift; path = ActivityIndicator.swift; sourceTree = "<group>"; };
		DED4576B2A1E6CDA00066DAE /* PhoneCommunicator.swift */ = {isa = PBXFileReference; lastKnownFileType = sourcecode.swift; path = PhoneCommunicator.swift; sourceTree = "<group>"; };
		DED4576D2A1E704500066DAE /* Message.swift */ = {isa = PBXFileReference; lastKnownFileType = sourcecode.swift; path = Message.swift; sourceTree = "<group>"; };
		DEDA4AA529CF2125000AFBBF /* WorkoutApp.app */ = {isa = PBXFileReference; explicitFileType = wrapper.application; includeInIndex = 0; path = WorkoutApp.app; sourceTree = BUILT_PRODUCTS_DIR; };
		DEDA4AB129CF2127000AFBBF /* Assets.xcassets */ = {isa = PBXFileReference; lastKnownFileType = folder.assetcatalog; path = Assets.xcassets; sourceTree = "<group>"; };
		DEDA4AB629CF2127000AFBBF /* Info.plist */ = {isa = PBXFileReference; lastKnownFileType = text.plist.xml; path = Info.plist; sourceTree = "<group>"; };
		DEDC056D2A3F69E5007E90B4 /* ExerciseRepository.swift */ = {isa = PBXFileReference; lastKnownFileType = sourcecode.swift; path = ExerciseRepository.swift; sourceTree = "<group>"; };
		DEDC05702A3F6B71007E90B4 /* ExerciseService.swift */ = {isa = PBXFileReference; lastKnownFileType = sourcecode.swift; path = ExerciseService.swift; sourceTree = "<group>"; };
		DEDC05722A3F8482007E90B4 /* MockedExerciseService.swift */ = {isa = PBXFileReference; lastKnownFileType = sourcecode.swift; path = MockedExerciseService.swift; sourceTree = "<group>"; };
		DEDC05752A3F8E3D007E90B4 /* WorkoutService.swift */ = {isa = PBXFileReference; lastKnownFileType = sourcecode.swift; path = WorkoutService.swift; sourceTree = "<group>"; };
		DEDFC2F02A0AC6B300E736E0 /* HKWorkout + Extensions.swift */ = {isa = PBXFileReference; lastKnownFileType = sourcecode.swift; path = "HKWorkout + Extensions.swift"; sourceTree = "<group>"; };
		DEDFC2F52A0B827800E736E0 /* HealthKitAuthorizationView.swift */ = {isa = PBXFileReference; lastKnownFileType = sourcecode.swift; path = HealthKitAuthorizationView.swift; sourceTree = "<group>"; };
		DEDFC2F72A0B834700E736E0 /* HealthKitAuthorizationViewModel.swift */ = {isa = PBXFileReference; lastKnownFileType = sourcecode.swift; path = HealthKitAuthorizationViewModel.swift; sourceTree = "<group>"; };
		DEDFC2F92A0B83F300E736E0 /* Constants.swift */ = {isa = PBXFileReference; lastKnownFileType = sourcecode.swift; path = Constants.swift; sourceTree = "<group>"; };
		DEE2FBE72A1787C50062437A /* FileIOManager.swift */ = {isa = PBXFileReference; lastKnownFileType = sourcecode.swift; path = FileIOManager.swift; sourceTree = "<group>"; };
		DEE2FBEB2A1A2B850062437A /* ExerciseSet.swift */ = {isa = PBXFileReference; lastKnownFileType = sourcecode.swift; path = ExerciseSet.swift; sourceTree = "<group>"; };
		DEE2FBED2A1A2BA60062437A /* Workout.swift */ = {isa = PBXFileReference; lastKnownFileType = sourcecode.swift; path = Workout.swift; sourceTree = "<group>"; };
		DEE2FBEF2A1A2BB50062437A /* PerformedExercise.swift */ = {isa = PBXFileReference; lastKnownFileType = sourcecode.swift; path = PerformedExercise.swift; sourceTree = "<group>"; };
		DEE2FBF12A1A2BDF0062437A /* PerformedSet.swift */ = {isa = PBXFileReference; lastKnownFileType = sourcecode.swift; path = PerformedSet.swift; sourceTree = "<group>"; };
		DEE2FBF42A1A4AF80062437A /* WorkoutRepository.swift */ = {isa = PBXFileReference; lastKnownFileType = sourcecode.swift; path = WorkoutRepository.swift; sourceTree = "<group>"; };
		DEF951952A24B37A00D80381 /* MetricsAndExercisesView.swift */ = {isa = PBXFileReference; lastKnownFileType = sourcecode.swift; path = MetricsAndExercisesView.swift; sourceTree = "<group>"; };
		DEF951972A24BF8E00D80381 /* CurrentExerciseView.swift */ = {isa = PBXFileReference; lastKnownFileType = sourcecode.swift; path = CurrentExerciseView.swift; sourceTree = "<group>"; };
		DEF9519A2A24E73F00D80381 /* WorkoutTemplatesListView.swift */ = {isa = PBXFileReference; lastKnownFileType = sourcecode.swift; path = WorkoutTemplatesListView.swift; sourceTree = "<group>"; };
		DEF9519C2A24E7FC00D80381 /* WorkoutTemplatesListViewModel.swift */ = {isa = PBXFileReference; lastKnownFileType = sourcecode.swift; path = WorkoutTemplatesListViewModel.swift; sourceTree = "<group>"; };
		DEF951A02A26187F00D80381 /* WorkoutTemplateCardView.swift */ = {isa = PBXFileReference; lastKnownFileType = sourcecode.swift; path = WorkoutTemplateCardView.swift; sourceTree = "<group>"; };
		DEF951A42A27304F00D80381 /* WorkoutTemplateBuilderView.swift */ = {isa = PBXFileReference; lastKnownFileType = sourcecode.swift; path = WorkoutTemplateBuilderView.swift; sourceTree = "<group>"; };
		DEF951A62A27377700D80381 /* FloatingTextField.swift */ = {isa = PBXFileReference; lastKnownFileType = sourcecode.swift; path = FloatingTextField.swift; sourceTree = "<group>"; };
		DEF951A82A27887800D80381 /* WorkoutTemplateBuilderViewModel.swift */ = {isa = PBXFileReference; lastKnownFileType = sourcecode.swift; path = WorkoutTemplateBuilderViewModel.swift; sourceTree = "<group>"; };
		DEF951AA2A27E0C800D80381 /* ExerciseCardView.swift */ = {isa = PBXFileReference; lastKnownFileType = sourcecode.swift; path = ExerciseCardView.swift; sourceTree = "<group>"; };
		DEF951AC2A27E12300D80381 /* EditView.swift */ = {isa = PBXFileReference; lastKnownFileType = sourcecode.swift; path = EditView.swift; sourceTree = "<group>"; };
/* End PBXFileReference section */

/* Begin PBXFileSystemSynchronizedRootGroup section */
		DE52AFC92F2164F200CE5FEA /* DataTransferObjects */ = {isa = PBXFileSystemSynchronizedRootGroup; explicitFileTypes = {}; explicitFolders = (); path = DataTransferObjects; sourceTree = "<group>"; };
/* End PBXFileSystemSynchronizedRootGroup section */

/* Begin PBXFrameworksBuildPhase section */
		DEAF7F342A0D353200682ACD /* Frameworks */ = {
			isa = PBXFrameworksBuildPhase;
			buildActionMask = 2147483647;
			files = (
			);
			runOnlyForDeploymentPostprocessing = 0;
		};
		DEDA4AA229CF2125000AFBBF /* Frameworks */ = {
			isa = PBXFrameworksBuildPhase;
			buildActionMask = 2147483647;
			files = (
			);
			runOnlyForDeploymentPostprocessing = 0;
		};
/* End PBXFrameworksBuildPhase section */

/* Begin PBXGroup section */
		DE012DD92A0144220071601B /* Home */ = {
			isa = PBXGroup;
			children = (
				DE012DDB2A01446F0071601B /* HomeView.swift */,
				DE012DDC2A01446F0071601B /* HomeViewModel.swift */,
			);
			path = Home;
			sourceTree = "<group>";
		};
		DE012DE82A018D580071601B /* WorkoutCards */ = {
			isa = PBXGroup;
			children = (
				DE012DE92A018D6C0071601B /* WorkoutCardView.swift */,
			);
			path = WorkoutCards;
			sourceTree = "<group>";
		};
		DE012DED2A02CAFA0071601B /* DataLayer */ = {
			isa = PBXGroup;
			children = (
				DE52AFD92F242D6400CE5FEA /* SwiftDataManager.swift */,
				DE52AFC92F2164F200CE5FEA /* DataTransferObjects */,
				DEE2FBF32A1A4AE30062437A /* Repositories */,
			);
			path = DataLayer;
			sourceTree = "<group>";
		};
		DE012DF22A02CDC60071601B /* WorkoutSessionService */ = {
			isa = PBXGroup;
			children = (
				DE012DF32A02CE160071601B /* WorkoutSessionService.swift */,
				DE012DF52A02CE8A0071601B /* MockedWorkoutSessionService.swift */,
			);
			path = WorkoutSessionService;
			sourceTree = "<group>";
		};
		DE10523C2A02D98700399C2B /* Main */ = {
			isa = PBXGroup;
			children = (
				DEF951992A24E4A800D80381 /* WorkoutTemplates */,
				DE10523F2A0427F300399C2B /* WorkoutDetails */,
				DE012DD92A0144220071601B /* Home */,
				DE10523D2A02D99B00399C2B /* MainCoordinator.swift */,
			);
			path = Main;
			sourceTree = "<group>";
		};
		DE10523F2A0427F300399C2B /* WorkoutDetails */ = {
			isa = PBXGroup;
			children = (
				DE1052402A04280B00399C2B /* WorkoutDetailsView.swift */,
				DE1052422A04286800399C2B /* WorkoutDetailsViewModel.swift */,
			);
			path = WorkoutDetails;
			sourceTree = "<group>";
		};
		DE1E5CD92EFC3D0400EF4D55 /* Navigation */ = {
			isa = PBXGroup;
			children = (
				DE1E5CD72EFC3D0400EF4D55 /* NavigationManager.swift */,
				DE1E5CD82EFC3D0400EF4D55 /* NavigationRoutes.swift */,
			);
			path = Navigation;
			sourceTree = "<group>";
		};
		DE3252A92C482D2B00B3B6F0 /* Logging */ = {
			isa = PBXGroup;
			children = (
				DE3252AA2C482D3800B3B6F0 /* CustomLogger.swift */,
			);
			path = Logging;
			sourceTree = "<group>";
		};
		DE3353EB29ED8A95002D4891 /* Networking */ = {
			isa = PBXGroup;
			children = (
			);
			path = Networking;
			sourceTree = "<group>";
		};
		DE3D0A512A0D66ED00EF23CB /* Views */ = {
			isa = PBXGroup;
			children = (
				DEAF7F4A2A0D3AEC00682ACD /* WorkoutsListView.swift */,
				DEAF7F4C2A0D3BF000682ACD /* SessionPagingView.swift */,
				DE3D0A4D2A0D66BC00EF23CB /* ControlsView.swift */,
				DE3D0A4F2A0D66CF00EF23CB /* MetricsView.swift */,
				DE3D0A522A0D773E00EF23CB /* ElapsedTimeView.swift */,
				DE3D0A542A0D797900EF23CB /* ActivityRingsView.swift */,
				DE3D0A562A0D79D300EF23CB /* SummaryView.swift */,
				DEF951952A24B37A00D80381 /* MetricsAndExercisesView.swift */,
				DEF951972A24BF8E00D80381 /* CurrentExerciseView.swift */,
				DE6D676A2A472B4000A78BBD /* HealthKitAuthorizationView.swift */,
				DE6D676D2A472CE700A78BBD /* AppCoordinator.swift */,
			);
			path = Views;
			sourceTree = "<group>";
		};
		DE4D0A102A38649C00A9DFC5 /* Onboarding */ = {
			isa = PBXGroup;
			children = (
				DE4D0A132A3866A700A9DFC5 /* WelcomeView.swift */,
				DE4D0A112A3864BA00A9DFC5 /* OnboardingView.swift */,
				DE4D0A152A386E9200A9DFC5 /* StartASessionView.swift */,
				DE4D0A172A38702700A9DFC5 /* SeeSessionDetailsView.swift */,
				DE4D0A192A38740000A9DFC5 /* BuildTemplatesView.swift */,
			);
			path = Onboarding;
			sourceTree = "<group>";
		};
		DEA0BAAF2A07D8D000F9BBBA /* List */ = {
			isa = PBXGroup;
			children = (
				DEA0BAB02A07D8E200F9BBBA /* ListView.swift */,
			);
			path = List;
			sourceTree = "<group>";
		};
		DEA431C329D8932900DFA6E4 /* ButtonStyles */ = {
			isa = PBXGroup;
			children = (
				DEA431C729D8B7C600DFA6E4 /* RoundedButtonStyle.swift */,
			);
			path = ButtonStyles;
			sourceTree = "<group>";
		};
		DEA431C429D8933B00DFA6E4 /* Buttons */ = {
			isa = PBXGroup;
			children = (
				DEA431C329D8932900DFA6E4 /* ButtonStyles */,
				DEA431C529D8936200DFA6E4 /* RoundedButton.swift */,
			);
			path = Buttons;
			sourceTree = "<group>";
		};
		DEAF7F382A0D353200682ACD /* WatchWorkoutApp Watch App */ = {
			isa = PBXGroup;
			children = (
				DE3D0A4B2A0D511400EF23CB /* WorkoutManager.swift */,
				DE3D0A512A0D66ED00EF23CB /* Views */,
				DEAF7F492A0D356D00682ACD /* WatchWorkoutApp-Watch-App-Info.plist */,
				DEAF7F482A0D354800682ACD /* WatchWorkoutApp Watch App.entitlements */,
				DEAF7F392A0D353200682ACD /* WatchWorkoutAppApp.swift */,
				DEAF7F3D2A0D353400682ACD /* Assets.xcassets */,
				DEAF7F3F2A0D353400682ACD /* Preview Content */,
				DED4576B2A1E6CDA00066DAE /* PhoneCommunicator.swift */,
			);
			path = "WatchWorkoutApp Watch App";
			sourceTree = "<group>";
		};
		DEAF7F3F2A0D353400682ACD /* Preview Content */ = {
			isa = PBXGroup;
			children = (
				DEAF7F402A0D353400682ACD /* Preview Assets.xcassets */,
			);
			path = "Preview Content";
			sourceTree = "<group>";
		};
		DEC29D6429E1905F0039B2C8 /* InputFields */ = {
			isa = PBXGroup;
			children = (
				DEC29D6529E190800039B2C8 /* TextField */,
			);
			path = InputFields;
			sourceTree = "<group>";
		};
		DEC29D6529E190800039B2C8 /* TextField */ = {
			isa = PBXGroup;
			children = (
				DEC29D6629E1909C0039B2C8 /* RoundedTextField.swift */,
				DEF951A62A27377700D80381 /* FloatingTextField.swift */,
			);
			path = TextField;
			sourceTree = "<group>";
		};
		DEDA4A9C29CF2125000AFBBF = {
			isa = PBXGroup;
			children = (
				DEDA4AA729CF2125000AFBBF /* WorkoutApp */,
				DEAF7F382A0D353200682ACD /* WatchWorkoutApp Watch App */,
				DEDA4AA629CF2125000AFBBF /* Products */,
			);
			sourceTree = "<group>";
		};
		DEDA4AA629CF2125000AFBBF /* Products */ = {
			isa = PBXGroup;
			children = (
				DEDA4AA529CF2125000AFBBF /* WorkoutApp.app */,
				DEAF7F372A0D353200682ACD /* WatchWorkoutApp Watch App.app */,
			);
			name = Products;
			sourceTree = "<group>";
		};
		DEDA4AA729CF2125000AFBBF /* WorkoutApp */ = {
			isa = PBXGroup;
			children = (
				DE1E5CD52EFB541100EF4D55 /* WorkoutAppApp.swift */,
				DE10524A2A06B34200399C2B /* WorkoutApp.entitlements */,
				DE012DED2A02CAFA0071601B /* DataLayer */,
				DE3353EB29ED8A95002D4891 /* Networking */,
				DEDA4ABE29CF6110000AFBBF /* Flows */,
				DEDA4AC229CF613F000AFBBF /* Model */,
				DEDA4AC129CF6133000AFBBF /* Services */,
				DEDA4AC029CF612B000AFBBF /* Utils */,
				DEDA4ABF29CF611B000AFBBF /* Reusables */,
				DEDA4AB129CF2127000AFBBF /* Assets.xcassets */,
				DEDA4AB629CF2127000AFBBF /* Info.plist */,
			);
			path = WorkoutApp;
			sourceTree = "<group>";
		};
		DEDA4ABE29CF6110000AFBBF /* Flows */ = {
			isa = PBXGroup;
			children = (
				DE4D0A102A38649C00A9DFC5 /* Onboarding */,
				DEDFC2F42A0B823000E736E0 /* HealthKitAuthorization */,
				DE10523C2A02D98700399C2B /* Main */,
				DEA431C129D8822D00DFA6E4 /* RootCoordinator.swift */,
			);
			path = Flows;
			sourceTree = "<group>";
		};
		DEDA4ABF29CF611B000AFBBF /* Reusables */ = {
			isa = PBXGroup;
			children = (
				DEA0BAAF2A07D8D000F9BBBA /* List */,
				DE012DE82A018D580071601B /* WorkoutCards */,
				DEC29D6429E1905F0039B2C8 /* InputFields */,
				DEA431C429D8933B00DFA6E4 /* Buttons */,
				DEC29D6B29E1C9BE0039B2C8 /* ActivityIndicator.swift */,
				DE1052462A0655B500399C2B /* NavigationBar.swift */,
			);
			path = Reusables;
			sourceTree = "<group>";
		};
		DEDA4AC029CF612B000AFBBF /* Utils */ = {
			isa = PBXGroup;
			children = (
				DE1E5CD92EFC3D0400EF4D55 /* Navigation */,
				DE3252A92C482D2B00B3B6F0 /* Logging */,
				DE33540029F08420002D4891 /* DependencyContainer.swift */,
				DE012DE22A0146CC0071601B /* Color + Extensions.swift */,
				DE012DEB2A01944A0071601B /* Font + Extension.swift */,
				DEDFC2F02A0AC6B300E736E0 /* HKWorkout + Extensions.swift */,
				DEDFC2F92A0B83F300E736E0 /* Constants.swift */,
			);
			path = Utils;
			sourceTree = "<group>";
		};
		DEDA4AC129CF6133000AFBBF /* Services */ = {
			isa = PBXGroup;
			children = (
				DEDC05742A3F8E2C007E90B4 /* WorkoutService */,
				DEDC056F2A3F6B62007E90B4 /* ExerciseService */,
				DEE2FBE62A1787970062437A /* Managers */,
				DE012DF22A02CDC60071601B /* WorkoutSessionService */,
			);
			path = Services;
			sourceTree = "<group>";
		};
		DEDA4AC229CF613F000AFBBF /* Model */ = {
			isa = PBXGroup;
			children = (
				DE3353FB29F07F3D002D4891 /* AccountStatus.swift */,
				DE012DE42A014DD90071601B /* WorkoutSession.swift */,
				DE012DE62A0188DD0071601B /* WorkoutSession + Mocked.swift */,
				DE3D0A582A0FA32E00EF23CB /* Exercise.swift */,
				DEE2FBEB2A1A2B850062437A /* ExerciseSet.swift */,
				DEE2FBED2A1A2BA60062437A /* Workout.swift */,
				DEE2FBEF2A1A2BB50062437A /* PerformedExercise.swift */,
				DEE2FBF12A1A2BDF0062437A /* PerformedSet.swift */,
				DED4576D2A1E704500066DAE /* Message.swift */,
			);
			path = Model;
			sourceTree = "<group>";
		};
		DEDC056F2A3F6B62007E90B4 /* ExerciseService */ = {
			isa = PBXGroup;
			children = (
				DEDC05702A3F6B71007E90B4 /* ExerciseService.swift */,
				DEDC05722A3F8482007E90B4 /* MockedExerciseService.swift */,
			);
			path = ExerciseService;
			sourceTree = "<group>";
		};
		DEDC05742A3F8E2C007E90B4 /* WorkoutService */ = {
			isa = PBXGroup;
			children = (
				DEDC05752A3F8E3D007E90B4 /* WorkoutService.swift */,
			);
			path = WorkoutService;
			sourceTree = "<group>";
		};
		DEDFC2F42A0B823000E736E0 /* HealthKitAuthorization */ = {
			isa = PBXGroup;
			children = (
				DEDFC2F52A0B827800E736E0 /* HealthKitAuthorizationView.swift */,
				DEDFC2F72A0B834700E736E0 /* HealthKitAuthorizationViewModel.swift */,
			);
			path = HealthKitAuthorization;
			sourceTree = "<group>";
		};
		DEE2FBE62A1787970062437A /* Managers */ = {
			isa = PBXGroup;
			children = (
				DE1052482A06AF9800399C2B /* HealthKitManager.swift */,
				DEE2FBE72A1787C50062437A /* FileIOManager.swift */,
				DEA6064C2A1DF8E50061BF9A /* WatchCommunicator.swift */,
			);
			path = Managers;
			sourceTree = "<group>";
		};
		DEE2FBF32A1A4AE30062437A /* Repositories */ = {
			isa = PBXGroup;
			children = (
				DE012DEE2A02CB0D0071601B /* Repository.swift */,
				DE012DF02A02CBD10071601B /* WorkoutSessionRepository.swift */,
				DEE2FBF42A1A4AF80062437A /* WorkoutRepository.swift */,
				DEDC056D2A3F69E5007E90B4 /* ExerciseRepository.swift */,
			);
			path = Repositories;
			sourceTree = "<group>";
		};
		DEF951992A24E4A800D80381 /* WorkoutTemplates */ = {
			isa = PBXGroup;
			children = (
				DEF951A32A27302D00D80381 /* WorkoutTemplateBuilder */,
				DEF951A22A27301A00D80381 /* WorkoutTemplatesList */,
				DEF951A02A26187F00D80381 /* WorkoutTemplateCardView.swift */,
			);
			path = WorkoutTemplates;
			sourceTree = "<group>";
		};
		DEF951A22A27301A00D80381 /* WorkoutTemplatesList */ = {
			isa = PBXGroup;
			children = (
				DEF9519A2A24E73F00D80381 /* WorkoutTemplatesListView.swift */,
				DEF9519C2A24E7FC00D80381 /* WorkoutTemplatesListViewModel.swift */,
			);
			path = WorkoutTemplatesList;
			sourceTree = "<group>";
		};
		DEF951A32A27302D00D80381 /* WorkoutTemplateBuilder */ = {
			isa = PBXGroup;
			children = (
				DEF951A42A27304F00D80381 /* WorkoutTemplateBuilderView.swift */,
				DEF951A82A27887800D80381 /* WorkoutTemplateBuilderViewModel.swift */,
				DEF951AA2A27E0C800D80381 /* ExerciseCardView.swift */,
				DEF951AC2A27E12300D80381 /* EditView.swift */,
				DE63022A2A2B32DC00BA5E54 /* AddExerciseView.swift */,
			);
			path = WorkoutTemplateBuilder;
			sourceTree = "<group>";
		};
/* End PBXGroup section */

/* Begin PBXNativeTarget section */
		DEAF7F362A0D353200682ACD /* WatchWorkoutApp Watch App */ = {
			isa = PBXNativeTarget;
			buildConfigurationList = DEAF7F452A0D353400682ACD /* Build configuration list for PBXNativeTarget "WatchWorkoutApp Watch App" */;
			buildPhases = (
				DEAF7F332A0D353200682ACD /* Sources */,
				DEAF7F342A0D353200682ACD /* Frameworks */,
				DEAF7F352A0D353200682ACD /* Resources */,
			);
			buildRules = (
			);
			dependencies = (
			);
			name = "WatchWorkoutApp Watch App";
			productName = "WatchWorkoutApp Watch App";
			productReference = DEAF7F372A0D353200682ACD /* WatchWorkoutApp Watch App.app */;
			productType = "com.apple.product-type.application";
		};
		DEDA4AA429CF2125000AFBBF /* WorkoutApp */ = {
			isa = PBXNativeTarget;
			buildConfigurationList = DEDA4AB929CF2127000AFBBF /* Build configuration list for PBXNativeTarget "WorkoutApp" */;
			buildPhases = (
				DEDA4AA129CF2125000AFBBF /* Sources */,
				DEDA4AA229CF2125000AFBBF /* Frameworks */,
				DEDA4AA329CF2125000AFBBF /* Resources */,
				DEAF7F1A2A0D329200682ACD /* Embed Watch Content */,
			);
			buildRules = (
			);
			dependencies = (
				DEAF7F432A0D353400682ACD /* PBXTargetDependency */,
			);
			fileSystemSynchronizedGroups = (
				DE52AFC92F2164F200CE5FEA /* DataTransferObjects */,
			);
			name = WorkoutApp;
			packageProductDependencies = (
			);
			productName = WorkoutApp;
			productReference = DEDA4AA529CF2125000AFBBF /* WorkoutApp.app */;
			productType = "com.apple.product-type.application";
		};
/* End PBXNativeTarget section */

/* Begin PBXProject section */
		DEDA4A9D29CF2125000AFBBF /* Project object */ = {
			isa = PBXProject;
			attributes = {
				BuildIndependentTargetsInParallel = 1;
				LastSwiftUpdateCheck = 1430;
				LastUpgradeCheck = 1510;
				TargetAttributes = {
					DEAF7F362A0D353200682ACD = {
						CreatedOnToolsVersion = 14.3;
					};
					DEDA4AA429CF2125000AFBBF = {
						CreatedOnToolsVersion = 14.0;
					};
				};
			};
			buildConfigurationList = DEDA4AA029CF2125000AFBBF /* Build configuration list for PBXProject "WorkoutApp" */;
			compatibilityVersion = "Xcode 14.0";
			developmentRegion = en;
			hasScannedForEncodings = 0;
			knownRegions = (
				en,
				Base,
			);
			mainGroup = DEDA4A9C29CF2125000AFBBF;
			packageReferences = (
			);
			productRefGroup = DEDA4AA629CF2125000AFBBF /* Products */;
			projectDirPath = "";
			projectRoot = "";
			targets = (
				DEDA4AA429CF2125000AFBBF /* WorkoutApp */,
				DEAF7F362A0D353200682ACD /* WatchWorkoutApp Watch App */,
			);
		};
/* End PBXProject section */

/* Begin PBXResourcesBuildPhase section */
		DEAF7F352A0D353200682ACD /* Resources */ = {
			isa = PBXResourcesBuildPhase;
			buildActionMask = 2147483647;
			files = (
				DEAF7F412A0D353400682ACD /* Preview Assets.xcassets in Resources */,
				DEAF7F3E2A0D353400682ACD /* Assets.xcassets in Resources */,
			);
			runOnlyForDeploymentPostprocessing = 0;
		};
		DEDA4AA329CF2125000AFBBF /* Resources */ = {
			isa = PBXResourcesBuildPhase;
			buildActionMask = 2147483647;
			files = (
				DEDA4AB229CF2127000AFBBF /* Assets.xcassets in Resources */,
			);
			runOnlyForDeploymentPostprocessing = 0;
		};
/* End PBXResourcesBuildPhase section */

/* Begin PBXSourcesBuildPhase section */
		DEAF7F332A0D353200682ACD /* Sources */ = {
			isa = PBXSourcesBuildPhase;
			buildActionMask = 2147483647;
			files = (
				DEAF7F4B2A0D3AEC00682ACD /* WorkoutsListView.swift in Sources */,
				DED4576C2A1E6CDA00066DAE /* PhoneCommunicator.swift in Sources */,
				DEF951982A24BF8E00D80381 /* CurrentExerciseView.swift in Sources */,
				DE3D0A532A0D773E00EF23CB /* ElapsedTimeView.swift in Sources */,
				DE6D676E2A472CE700A78BBD /* AppCoordinator.swift in Sources */,
				DEF951962A24B37A00D80381 /* MetricsAndExercisesView.swift in Sources */,
				DE6D676C2A472B9800A78BBD /* Constants.swift in Sources */,
				DED457702A1E724300066DAE /* Workout.swift in Sources */,
				DEF951912A24B02200D80381 /* RoundedButton.swift in Sources */,
				DEF951932A24B09400D80381 /* Color + Extensions.swift in Sources */,
				DE5041FF2A21054600B7D498 /* ExerciseSet.swift in Sources */,
				DE3D0A4C2A0D511400EF23CB /* WorkoutManager.swift in Sources */,
				DE5042032A21055D00B7D498 /* WorkoutSession + Mocked.swift in Sources */,
				DEAF7F3A2A0D353200682ACD /* WatchWorkoutAppApp.swift in Sources */,
				DE3252AC2C482D5000B3B6F0 /* CustomLogger.swift in Sources */,
				DE3D0A4E2A0D66BC00EF23CB /* ControlsView.swift in Sources */,
				DED4576F2A1E70B900066DAE /* Message.swift in Sources */,
				DE3D0A552A0D797900EF23CB /* ActivityRingsView.swift in Sources */,
				DE5041FE2A21054200B7D498 /* Exercise.swift in Sources */,
				DE3D0A502A0D66CF00EF23CB /* MetricsView.swift in Sources */,
				DEAF7F4D2A0D3BF000682ACD /* SessionPagingView.swift in Sources */,
				DEF951942A24B09400D80381 /* Font + Extension.swift in Sources */,
				DE5042002A21055000B7D498 /* PerformedSet.swift in Sources */,
				DEF951922A24B04D00D80381 /* ActivityIndicator.swift in Sources */,
				DE5042012A21055300B7D498 /* PerformedExercise.swift in Sources */,
				DEF9518F2A23576200D80381 /* HKWorkout + Extensions.swift in Sources */,
				DEF951902A24B02200D80381 /* RoundedButtonStyle.swift in Sources */,
				DE6D676B2A472B4000A78BBD /* HealthKitAuthorizationView.swift in Sources */,
				DE5042022A21055A00B7D498 /* WorkoutSession.swift in Sources */,
				DE3D0A572A0D79D300EF23CB /* SummaryView.swift in Sources */,
			);
			runOnlyForDeploymentPostprocessing = 0;
		};
		DEDA4AA129CF2125000AFBBF /* Sources */ = {
			isa = PBXSourcesBuildPhase;
			buildActionMask = 2147483647;
			files = (
				DEF951AB2A27E0C800D80381 /* ExerciseCardView.swift in Sources */,
				DEA431C629D8936200DFA6E4 /* RoundedButton.swift in Sources */,
				DE012DF12A02CBD10071601B /* WorkoutSessionRepository.swift in Sources */,
				DEF951A12A26187F00D80381 /* WorkoutTemplateCardView.swift in Sources */,
				DE4D0A182A38702700A9DFC5 /* SeeSessionDetailsView.swift in Sources */,
				DE012DDE2A01446F0071601B /* HomeView.swift in Sources */,
				DEC29D6729E1909C0039B2C8 /* RoundedTextField.swift in Sources */,
				DEE2FBEC2A1A2B850062437A /* ExerciseSet.swift in Sources */,
				DE012DEF2A02CB0D0071601B /* Repository.swift in Sources */,
				DEA0BAB12A07D8E200F9BBBA /* ListView.swift in Sources */,
				DE3252AB2C482D3800B3B6F0 /* CustomLogger.swift in Sources */,
				DEDFC2F12A0AC6B300E736E0 /* HKWorkout + Extensions.swift in Sources */,
				DEA431C229D8822D00DFA6E4 /* RootCoordinator.swift in Sources */,
				DEC29D6C29E1C9BE0039B2C8 /* ActivityIndicator.swift in Sources */,
				DEDC05762A3F8E3D007E90B4 /* WorkoutService.swift in Sources */,
				DEDFC2F82A0B834700E736E0 /* HealthKitAuthorizationViewModel.swift in Sources */,
				DEF951AD2A27E12300D80381 /* EditView.swift in Sources */,
				DEA6064D2A1DF8E50061BF9A /* WatchCommunicator.swift in Sources */,
				DE012DE32A0146CC0071601B /* Color + Extensions.swift in Sources */,
				DE4D0A122A3864BA00A9DFC5 /* OnboardingView.swift in Sources */,
				DE1052412A04280B00399C2B /* WorkoutDetailsView.swift in Sources */,
				DEF9519D2A24E7FC00D80381 /* WorkoutTemplatesListViewModel.swift in Sources */,
				DE1E5CDA2EFC3D0400EF4D55 /* NavigationManager.swift in Sources */,
				DE1E5CDB2EFC3D0400EF4D55 /* NavigationRoutes.swift in Sources */,
				DE52AFDA2F242D6400CE5FEA /* SwiftDataManager.swift in Sources */,
				DE10523E2A02D99B00399C2B /* MainCoordinator.swift in Sources */,
				DEDFC2FA2A0B83F300E736E0 /* Constants.swift in Sources */,
				DE4D0A162A386E9200A9DFC5 /* StartASessionView.swift in Sources */,
				DEDC056E2A3F69E5007E90B4 /* ExerciseRepository.swift in Sources */,
				DE012DEC2A01944A0071601B /* Font + Extension.swift in Sources */,
				DE3D0A592A0FA32E00EF23CB /* Exercise.swift in Sources */,
				DEE2FBF02A1A2BB50062437A /* PerformedExercise.swift in Sources */,
				DE63022B2A2B32DC00BA5E54 /* AddExerciseView.swift in Sources */,
				DEF951A92A27887800D80381 /* WorkoutTemplateBuilderViewModel.swift in Sources */,
				DEE2FBF52A1A4AF80062437A /* WorkoutRepository.swift in Sources */,
				DEF9519B2A24E73F00D80381 /* WorkoutTemplatesListView.swift in Sources */,
				DEF951A72A27377700D80381 /* FloatingTextField.swift in Sources */,
				DE012DE72A0188DD0071601B /* WorkoutSession + Mocked.swift in Sources */,
				DEDC05712A3F6B71007E90B4 /* ExerciseService.swift in Sources */,
				DE1052432A04286800399C2B /* WorkoutDetailsViewModel.swift in Sources */,
				DEF951A52A27304F00D80381 /* WorkoutTemplateBuilderView.swift in Sources */,
				DE1052492A06AF9800399C2B /* HealthKitManager.swift in Sources */,
				DED4576E2A1E704500066DAE /* Message.swift in Sources */,
				DEA431C829D8B7C600DFA6E4 /* RoundedButtonStyle.swift in Sources */,
				DEE2FBE82A1787C50062437A /* FileIOManager.swift in Sources */,
				DE33540129F08420002D4891 /* DependencyContainer.swift in Sources */,
				DE012DF42A02CE160071601B /* WorkoutSessionService.swift in Sources */,
				DE1E5CD62EFB541100EF4D55 /* WorkoutAppApp.swift in Sources */,
				DE3353FC29F07F3D002D4891 /* AccountStatus.swift in Sources */,
				DE012DEA2A018D6C0071601B /* WorkoutCardView.swift in Sources */,
				DE012DF62A02CE8A0071601B /* MockedWorkoutSessionService.swift in Sources */,
				DEE2FBEE2A1A2BA60062437A /* Workout.swift in Sources */,
				DE012DDF2A01446F0071601B /* HomeViewModel.swift in Sources */,
				DEDC05732A3F8482007E90B4 /* MockedExerciseService.swift in Sources */,
				DEDFC2F62A0B827800E736E0 /* HealthKitAuthorizationView.swift in Sources */,
				DE4D0A1A2A38740000A9DFC5 /* BuildTemplatesView.swift in Sources */,
				DE012DE52A014DD90071601B /* WorkoutSession.swift in Sources */,
				DE1052472A0655B500399C2B /* NavigationBar.swift in Sources */,
				DE4D0A142A3866A700A9DFC5 /* WelcomeView.swift in Sources */,
				DEE2FBF22A1A2BDF0062437A /* PerformedSet.swift in Sources */,
			);
			runOnlyForDeploymentPostprocessing = 0;
		};
/* End PBXSourcesBuildPhase section */

/* Begin PBXTargetDependency section */
		DEAF7F432A0D353400682ACD /* PBXTargetDependency */ = {
			isa = PBXTargetDependency;
			target = DEAF7F362A0D353200682ACD /* WatchWorkoutApp Watch App */;
			targetProxy = DEAF7F422A0D353400682ACD /* PBXContainerItemProxy */;
		};
/* End PBXTargetDependency section */

/* Begin XCBuildConfiguration section */
		DEAF7F462A0D353400682ACD /* Debug */ = {
			isa = XCBuildConfiguration;
			buildSettings = {
				ASSETCATALOG_COMPILER_APPICON_NAME = AppIcon;
				ASSETCATALOG_COMPILER_GLOBAL_ACCENT_COLOR_NAME = AccentColor;
				CODE_SIGN_ENTITLEMENTS = "WatchWorkoutApp Watch App/WatchWorkoutApp Watch App.entitlements";
				CODE_SIGN_IDENTITY = "Apple Development";
				CODE_SIGN_STYLE = Automatic;
				CURRENT_PROJECT_VERSION = 1;
				DEVELOPMENT_ASSET_PATHS = "\"WatchWorkoutApp Watch App/Preview Content\"";
				DEVELOPMENT_TEAM = 3FF7ZT5TR7;
				ENABLE_PREVIEWS = YES;
				GENERATE_INFOPLIST_FILE = YES;
				INFOPLIST_FILE = "WatchWorkoutApp-Watch-App-Info.plist";
				INFOPLIST_KEY_CFBundleDisplayName = WatchWorkoutApp;
				INFOPLIST_KEY_NSHealthShareUsageDescription = "WorkoutApp needs to access your workout data in order to display it.";
				INFOPLIST_KEY_NSHealthUpdateUsageDescription = "WorkoutApp needs to save your workout data to HealthKit.";
				INFOPLIST_KEY_UISupportedInterfaceOrientations = "UIInterfaceOrientationPortrait UIInterfaceOrientationPortraitUpsideDown";
				INFOPLIST_KEY_WKCompanionAppBundleIdentifier = com.pele.raul.WorkoutApp;
				INFOPLIST_KEY_WKRunsIndependentlyOfCompanionApp = NO;
				LD_RUNPATH_SEARCH_PATHS = (
					"$(inherited)",
					"@executable_path/Frameworks",
				);
				MARKETING_VERSION = 1.0;
				PRODUCT_BUNDLE_IDENTIFIER = com.pele.raul.WorkoutApp.watchkitapp;
				PRODUCT_NAME = "$(TARGET_NAME)";
				PROVISIONING_PROFILE_SPECIFIER = "";
				SDKROOT = watchos;
				SKIP_INSTALL = YES;
				SWIFT_EMIT_LOC_STRINGS = YES;
				SWIFT_VERSION = 5.0;
				TARGETED_DEVICE_FAMILY = 4;
				WATCHOS_DEPLOYMENT_TARGET = 10.4;
			};
			name = Debug;
		};
		DEAF7F472A0D353400682ACD /* Release */ = {
			isa = XCBuildConfiguration;
			buildSettings = {
				ASSETCATALOG_COMPILER_APPICON_NAME = AppIcon;
				ASSETCATALOG_COMPILER_GLOBAL_ACCENT_COLOR_NAME = AccentColor;
				CODE_SIGN_ENTITLEMENTS = "WatchWorkoutApp Watch App/WatchWorkoutApp Watch App.entitlements";
				CODE_SIGN_IDENTITY = "Apple Development";
				CODE_SIGN_STYLE = Automatic;
				CURRENT_PROJECT_VERSION = 1;
				DEVELOPMENT_ASSET_PATHS = "\"WatchWorkoutApp Watch App/Preview Content\"";
				DEVELOPMENT_TEAM = 3FF7ZT5TR7;
				ENABLE_PREVIEWS = YES;
				GENERATE_INFOPLIST_FILE = YES;
				INFOPLIST_FILE = "WatchWorkoutApp-Watch-App-Info.plist";
				INFOPLIST_KEY_CFBundleDisplayName = WatchWorkoutApp;
				INFOPLIST_KEY_NSHealthShareUsageDescription = "WorkoutApp needs to access your workout data in order to display it.";
				INFOPLIST_KEY_NSHealthUpdateUsageDescription = "WorkoutApp needs to save your workout data to HealthKit.";
				INFOPLIST_KEY_UISupportedInterfaceOrientations = "UIInterfaceOrientationPortrait UIInterfaceOrientationPortraitUpsideDown";
				INFOPLIST_KEY_WKCompanionAppBundleIdentifier = com.pele.raul.WorkoutApp;
				INFOPLIST_KEY_WKRunsIndependentlyOfCompanionApp = NO;
				LD_RUNPATH_SEARCH_PATHS = (
					"$(inherited)",
					"@executable_path/Frameworks",
				);
				MARKETING_VERSION = 1.0;
				PRODUCT_BUNDLE_IDENTIFIER = com.pele.raul.WorkoutApp.watchkitapp;
				PRODUCT_NAME = "$(TARGET_NAME)";
				PROVISIONING_PROFILE_SPECIFIER = "";
				SDKROOT = watchos;
				SKIP_INSTALL = YES;
				SWIFT_EMIT_LOC_STRINGS = YES;
				SWIFT_VERSION = 5.0;
				TARGETED_DEVICE_FAMILY = 4;
				WATCHOS_DEPLOYMENT_TARGET = 10.4;
			};
			name = Release;
		};
		DEDA4AB729CF2127000AFBBF /* Debug */ = {
			isa = XCBuildConfiguration;
			buildSettings = {
				ALWAYS_SEARCH_USER_PATHS = NO;
				ASSETCATALOG_COMPILER_GENERATE_SWIFT_ASSET_SYMBOL_EXTENSIONS = YES;
				CLANG_ANALYZER_NONNULL = YES;
				CLANG_ANALYZER_NUMBER_OBJECT_CONVERSION = YES_AGGRESSIVE;
				CLANG_CXX_LANGUAGE_STANDARD = "gnu++20";
				CLANG_ENABLE_MODULES = YES;
				CLANG_ENABLE_OBJC_ARC = YES;
				CLANG_ENABLE_OBJC_WEAK = YES;
				CLANG_WARN_BLOCK_CAPTURE_AUTORELEASING = YES;
				CLANG_WARN_BOOL_CONVERSION = YES;
				CLANG_WARN_COMMA = YES;
				CLANG_WARN_CONSTANT_CONVERSION = YES;
				CLANG_WARN_DEPRECATED_OBJC_IMPLEMENTATIONS = YES;
				CLANG_WARN_DIRECT_OBJC_ISA_USAGE = YES_ERROR;
				CLANG_WARN_DOCUMENTATION_COMMENTS = YES;
				CLANG_WARN_EMPTY_BODY = YES;
				CLANG_WARN_ENUM_CONVERSION = YES;
				CLANG_WARN_INFINITE_RECURSION = YES;
				CLANG_WARN_INT_CONVERSION = YES;
				CLANG_WARN_NON_LITERAL_NULL_CONVERSION = YES;
				CLANG_WARN_OBJC_IMPLICIT_RETAIN_SELF = YES;
				CLANG_WARN_OBJC_LITERAL_CONVERSION = YES;
				CLANG_WARN_OBJC_ROOT_CLASS = YES_ERROR;
				CLANG_WARN_QUOTED_INCLUDE_IN_FRAMEWORK_HEADER = YES;
				CLANG_WARN_RANGE_LOOP_ANALYSIS = YES;
				CLANG_WARN_STRICT_PROTOTYPES = YES;
				CLANG_WARN_SUSPICIOUS_MOVE = YES;
				CLANG_WARN_UNGUARDED_AVAILABILITY = YES_AGGRESSIVE;
				CLANG_WARN_UNREACHABLE_CODE = YES;
				CLANG_WARN__DUPLICATE_METHOD_MATCH = YES;
				COPY_PHASE_STRIP = NO;
				DEBUG_INFORMATION_FORMAT = dwarf;
				ENABLE_STRICT_OBJC_MSGSEND = YES;
				ENABLE_TESTABILITY = YES;
				ENABLE_USER_SCRIPT_SANDBOXING = YES;
				GCC_C_LANGUAGE_STANDARD = gnu11;
				GCC_DYNAMIC_NO_PIC = NO;
				GCC_NO_COMMON_BLOCKS = YES;
				GCC_OPTIMIZATION_LEVEL = 0;
				GCC_PREPROCESSOR_DEFINITIONS = (
					"DEBUG=1",
					"$(inherited)",
				);
				GCC_WARN_64_TO_32_BIT_CONVERSION = YES;
				GCC_WARN_ABOUT_RETURN_TYPE = YES_ERROR;
				GCC_WARN_UNDECLARED_SELECTOR = YES;
				GCC_WARN_UNINITIALIZED_AUTOS = YES_AGGRESSIVE;
				GCC_WARN_UNUSED_FUNCTION = YES;
				GCC_WARN_UNUSED_VARIABLE = YES;
				IPHONEOS_DEPLOYMENT_TARGET = 16.4;
				MTL_ENABLE_DEBUG_INFO = INCLUDE_SOURCE;
				MTL_FAST_MATH = YES;
				ONLY_ACTIVE_ARCH = YES;
				SDKROOT = iphoneos;
				SWIFT_ACTIVE_COMPILATION_CONDITIONS = DEBUG;
				SWIFT_OPTIMIZATION_LEVEL = "-Onone";
			};
			name = Debug;
		};
		DEDA4AB829CF2127000AFBBF /* Release */ = {
			isa = XCBuildConfiguration;
			buildSettings = {
				ALWAYS_SEARCH_USER_PATHS = NO;
				ASSETCATALOG_COMPILER_GENERATE_SWIFT_ASSET_SYMBOL_EXTENSIONS = YES;
				CLANG_ANALYZER_NONNULL = YES;
				CLANG_ANALYZER_NUMBER_OBJECT_CONVERSION = YES_AGGRESSIVE;
				CLANG_CXX_LANGUAGE_STANDARD = "gnu++20";
				CLANG_ENABLE_MODULES = YES;
				CLANG_ENABLE_OBJC_ARC = YES;
				CLANG_ENABLE_OBJC_WEAK = YES;
				CLANG_WARN_BLOCK_CAPTURE_AUTORELEASING = YES;
				CLANG_WARN_BOOL_CONVERSION = YES;
				CLANG_WARN_COMMA = YES;
				CLANG_WARN_CONSTANT_CONVERSION = YES;
				CLANG_WARN_DEPRECATED_OBJC_IMPLEMENTATIONS = YES;
				CLANG_WARN_DIRECT_OBJC_ISA_USAGE = YES_ERROR;
				CLANG_WARN_DOCUMENTATION_COMMENTS = YES;
				CLANG_WARN_EMPTY_BODY = YES;
				CLANG_WARN_ENUM_CONVERSION = YES;
				CLANG_WARN_INFINITE_RECURSION = YES;
				CLANG_WARN_INT_CONVERSION = YES;
				CLANG_WARN_NON_LITERAL_NULL_CONVERSION = YES;
				CLANG_WARN_OBJC_IMPLICIT_RETAIN_SELF = YES;
				CLANG_WARN_OBJC_LITERAL_CONVERSION = YES;
				CLANG_WARN_OBJC_ROOT_CLASS = YES_ERROR;
				CLANG_WARN_QUOTED_INCLUDE_IN_FRAMEWORK_HEADER = YES;
				CLANG_WARN_RANGE_LOOP_ANALYSIS = YES;
				CLANG_WARN_STRICT_PROTOTYPES = YES;
				CLANG_WARN_SUSPICIOUS_MOVE = YES;
				CLANG_WARN_UNGUARDED_AVAILABILITY = YES_AGGRESSIVE;
				CLANG_WARN_UNREACHABLE_CODE = YES;
				CLANG_WARN__DUPLICATE_METHOD_MATCH = YES;
				COPY_PHASE_STRIP = NO;
				DEBUG_INFORMATION_FORMAT = "dwarf-with-dsym";
				ENABLE_NS_ASSERTIONS = NO;
				ENABLE_STRICT_OBJC_MSGSEND = YES;
				ENABLE_USER_SCRIPT_SANDBOXING = YES;
				GCC_C_LANGUAGE_STANDARD = gnu11;
				GCC_NO_COMMON_BLOCKS = YES;
				GCC_WARN_64_TO_32_BIT_CONVERSION = YES;
				GCC_WARN_ABOUT_RETURN_TYPE = YES_ERROR;
				GCC_WARN_UNDECLARED_SELECTOR = YES;
				GCC_WARN_UNINITIALIZED_AUTOS = YES_AGGRESSIVE;
				GCC_WARN_UNUSED_FUNCTION = YES;
				GCC_WARN_UNUSED_VARIABLE = YES;
				IPHONEOS_DEPLOYMENT_TARGET = 16.4;
				MTL_ENABLE_DEBUG_INFO = NO;
				MTL_FAST_MATH = YES;
				SDKROOT = iphoneos;
				SWIFT_COMPILATION_MODE = wholemodule;
				SWIFT_OPTIMIZATION_LEVEL = "-O";
				VALIDATE_PRODUCT = YES;
			};
			name = Release;
		};
		DEDA4ABA29CF2127000AFBBF /* Debug */ = {
			isa = XCBuildConfiguration;
			buildSettings = {
				ALWAYS_EMBED_SWIFT_STANDARD_LIBRARIES = YES;
				ASSETCATALOG_COMPILER_APPICON_NAME = AppIcon;
				ASSETCATALOG_COMPILER_GLOBAL_ACCENT_COLOR_NAME = AccentColor;
				CODE_SIGN_ENTITLEMENTS = WorkoutApp/WorkoutApp.entitlements;
				CODE_SIGN_STYLE = Automatic;
				CURRENT_PROJECT_VERSION = 1;
				DEVELOPMENT_TEAM = 3FF7ZT5TR7;
				GENERATE_INFOPLIST_FILE = YES;
				INFOPLIST_FILE = WorkoutApp/Info.plist;
				INFOPLIST_KEY_NSHealthShareUsageDescription = "Our application needs to read your workouts";
				INFOPLIST_KEY_NSHealthUpdateUsageDescription = "Our application needs to write workouts to HealthKit";
				INFOPLIST_KEY_UIApplicationSupportsIndirectInputEvents = YES;
				INFOPLIST_KEY_UIStatusBarStyle = UIStatusBarStyleLightContent;
				INFOPLIST_KEY_UISupportedInterfaceOrientations_iPad = "UIInterfaceOrientationPortrait UIInterfaceOrientationPortraitUpsideDown UIInterfaceOrientationLandscapeLeft UIInterfaceOrientationLandscapeRight";
				INFOPLIST_KEY_UISupportedInterfaceOrientations_iPhone = "UIInterfaceOrientationPortrait UIInterfaceOrientationLandscapeLeft UIInterfaceOrientationLandscapeRight";
				IPHONEOS_DEPLOYMENT_TARGET = 26.0;
				LD_RUNPATH_SEARCH_PATHS = (
					"$(inherited)",
					"@executable_path/Frameworks",
				);
				MARKETING_VERSION = 1.0;
				PRODUCT_BUNDLE_IDENTIFIER = com.pele.raul.WorkoutApp;
				PRODUCT_NAME = "$(TARGET_NAME)";
				SWIFT_EMIT_LOC_STRINGS = YES;
				SWIFT_VERSION = 5.0;
				TARGETED_DEVICE_FAMILY = "1,2";
			};
			name = Debug;
		};
		DEDA4ABB29CF2127000AFBBF /* Release */ = {
			isa = XCBuildConfiguration;
			buildSettings = {
				ALWAYS_EMBED_SWIFT_STANDARD_LIBRARIES = YES;
				ASSETCATALOG_COMPILER_APPICON_NAME = AppIcon;
				ASSETCATALOG_COMPILER_GLOBAL_ACCENT_COLOR_NAME = AccentColor;
				CODE_SIGN_ENTITLEMENTS = WorkoutApp/WorkoutApp.entitlements;
				CODE_SIGN_STYLE = Automatic;
				CURRENT_PROJECT_VERSION = 1;
				DEVELOPMENT_TEAM = 3FF7ZT5TR7;
				GENERATE_INFOPLIST_FILE = YES;
				INFOPLIST_FILE = WorkoutApp/Info.plist;
				INFOPLIST_KEY_NSHealthShareUsageDescription = "Our application needs to read your workouts";
				INFOPLIST_KEY_NSHealthUpdateUsageDescription = "Our application needs to write workouts to HealthKit";
				INFOPLIST_KEY_UIApplicationSupportsIndirectInputEvents = YES;
				INFOPLIST_KEY_UIStatusBarStyle = UIStatusBarStyleLightContent;
				INFOPLIST_KEY_UISupportedInterfaceOrientations_iPad = "UIInterfaceOrientationPortrait UIInterfaceOrientationPortraitUpsideDown UIInterfaceOrientationLandscapeLeft UIInterfaceOrientationLandscapeRight";
				INFOPLIST_KEY_UISupportedInterfaceOrientations_iPhone = "UIInterfaceOrientationPortrait UIInterfaceOrientationLandscapeLeft UIInterfaceOrientationLandscapeRight";
				IPHONEOS_DEPLOYMENT_TARGET = 26.0;
				LD_RUNPATH_SEARCH_PATHS = (
					"$(inherited)",
					"@executable_path/Frameworks",
				);
				MARKETING_VERSION = 1.0;
				PRODUCT_BUNDLE_IDENTIFIER = com.pele.raul.WorkoutApp;
				PRODUCT_NAME = "$(TARGET_NAME)";
				SWIFT_EMIT_LOC_STRINGS = YES;
				SWIFT_VERSION = 5.0;
				TARGETED_DEVICE_FAMILY = "1,2";
			};
			name = Release;
		};
/* End XCBuildConfiguration section */

/* Begin XCConfigurationList section */
		DEAF7F452A0D353400682ACD /* Build configuration list for PBXNativeTarget "WatchWorkoutApp Watch App" */ = {
			isa = XCConfigurationList;
			buildConfigurations = (
				DEAF7F462A0D353400682ACD /* Debug */,
				DEAF7F472A0D353400682ACD /* Release */,
			);
			defaultConfigurationIsVisible = 0;
			defaultConfigurationName = Release;
		};
		DEDA4AA029CF2125000AFBBF /* Build configuration list for PBXProject "WorkoutApp" */ = {
			isa = XCConfigurationList;
			buildConfigurations = (
				DEDA4AB729CF2127000AFBBF /* Debug */,
				DEDA4AB829CF2127000AFBBF /* Release */,
			);
			defaultConfigurationIsVisible = 0;
			defaultConfigurationName = Release;
		};
		DEDA4AB929CF2127000AFBBF /* Build configuration list for PBXNativeTarget "WorkoutApp" */ = {
			isa = XCConfigurationList;
			buildConfigurations = (
				DEDA4ABA29CF2127000AFBBF /* Debug */,
				DEDA4ABB29CF2127000AFBBF /* Release */,
			);
			defaultConfigurationIsVisible = 0;
			defaultConfigurationName = Release;
		};
/* End XCConfigurationList section */
	};
	rootObject = DEDA4A9D29CF2125000AFBBF /* Project object */;
}
